// !$*UTF8*$!
{
	archiveVersion = 1;
	classes = {
	};
	objectVersion = 50;
	objects = {

/* Begin PBXBuildFile section */
		1414065020A023D800BFB170 /* AnnotationCell.swift in Sources */ = {isa = PBXBuildFile; fileRef = 1414064E20A023D800BFB170 /* AnnotationCell.swift */; };
		1414065120A023D800BFB170 /* AnnotationCell.xib in Resources */ = {isa = PBXBuildFile; fileRef = 1414064F20A023D800BFB170 /* AnnotationCell.xib */; };
		1414065320A04F9900BFB170 /* LoginViewController.swift in Sources */ = {isa = PBXBuildFile; fileRef = 1414065220A04F9900BFB170 /* LoginViewController.swift */; };
		1414065620A0821800BFB170 /* UserManager.swift in Sources */ = {isa = PBXBuildFile; fileRef = 1414065520A0821800BFB170 /* UserManager.swift */; };
		1414065920A095AA00BFB170 /* RoundedButton.swift in Sources */ = {isa = PBXBuildFile; fileRef = 1414065820A095AA00BFB170 /* RoundedButton.swift */; };
		145CAF1820AD7AA700057DB7 /* CommentCell.swift in Sources */ = {isa = PBXBuildFile; fileRef = 145CAF1620AD7AA700057DB7 /* CommentCell.swift */; };
		145CAF1920AD7AA700057DB7 /* CommentCell.xib in Resources */ = {isa = PBXBuildFile; fileRef = 145CAF1720AD7AA700057DB7 /* CommentCell.xib */; };
		145D19B920980C1D00BE71D0 /* GoogleService-Info.plist in Resources */ = {isa = PBXBuildFile; fileRef = 145D19B820980C1D00BE71D0 /* GoogleService-Info.plist */; };
		145D19C12098545900BE71D0 /* Keys.swift in Sources */ = {isa = PBXBuildFile; fileRef = 145D19C02098545900BE71D0 /* Keys.swift */; };
		145D19C720985A8E00BE71D0 /* YouTubeProvider.swift in Sources */ = {isa = PBXBuildFile; fileRef = 145D19C620985A8E00BE71D0 /* YouTubeProvider.swift */; };
		145D19CA20985CED00BE71D0 /* Constants.swift in Sources */ = {isa = PBXBuildFile; fileRef = 145D19C920985CED00BE71D0 /* Constants.swift */; };
		145D19CD2098647400BE71D0 /* TabBarViewController.swift in Sources */ = {isa = PBXBuildFile; fileRef = 145D19CC2098647400BE71D0 /* TabBarViewController.swift */; };
		145D19D02098657200BE71D0 /* Feed.storyboard in Resources */ = {isa = PBXBuildFile; fileRef = 145D19CF2098657200BE71D0 /* Feed.storyboard */; };
		145D19D32098667D00BE71D0 /* UIStoryboard+David.swift in Sources */ = {isa = PBXBuildFile; fileRef = 145D19D22098667D00BE71D0 /* UIStoryboard+David.swift */; };
		145D19D52098774C00BE71D0 /* Profile.storyboard in Resources */ = {isa = PBXBuildFile; fileRef = 145D19D42098774C00BE71D0 /* Profile.storyboard */; };
		148F90FF209AAFF300308179 /* PostArticleViewController.swift in Sources */ = {isa = PBXBuildFile; fileRef = 148F90FE209AAFF300308179 /* PostArticleViewController.swift */; };
		14AE66B520AAB577007D7851 /* Detail.storyboard in Resources */ = {isa = PBXBuildFile; fileRef = 14AE66B420AAB577007D7851 /* Detail.storyboard */; };
		14AE66BA20AAB5CD007D7851 /* DetailViewController.swift in Sources */ = {isa = PBXBuildFile; fileRef = 14AE66B920AAB5CD007D7851 /* DetailViewController.swift */; };
		14DA419C20A13F3000A74254 /* SWRevealViewController.m in Sources */ = {isa = PBXBuildFile; fileRef = 14DA419A20A13F3000A74254 /* SWRevealViewController.m */; };
		14DA419F20A141D600A74254 /* LogoutViewController.swift in Sources */ = {isa = PBXBuildFile; fileRef = 14DA419E20A141D600A74254 /* LogoutViewController.swift */; };
		14DA41A120A1420200A74254 /* ProfileViewController.swift in Sources */ = {isa = PBXBuildFile; fileRef = 14DA41A020A1420200A74254 /* ProfileViewController.swift */; };
		14DA41A420A1522B00A74254 /* AuthManager.swift in Sources */ = {isa = PBXBuildFile; fileRef = 14DA41A320A1522B00A74254 /* AuthManager.swift */; };
		14DA41A620A162C600A74254 /* FirebaseManager.swift in Sources */ = {isa = PBXBuildFile; fileRef = 14DA41A520A162C600A74254 /* FirebaseManager.swift */; };
		14DF3BF520970F0F00215368 /* AppDelegate.swift in Sources */ = {isa = PBXBuildFile; fileRef = 14DF3BF420970F0F00215368 /* AppDelegate.swift */; };
		14DF3BF720970F0F00215368 /* FeedViewController.swift in Sources */ = {isa = PBXBuildFile; fileRef = 14DF3BF620970F0F00215368 /* FeedViewController.swift */; };
		14DF3BFA20970F0F00215368 /* Main.storyboard in Resources */ = {isa = PBXBuildFile; fileRef = 14DF3BF820970F0F00215368 /* Main.storyboard */; };
		14DF3BFC20970F1100215368 /* Assets.xcassets in Resources */ = {isa = PBXBuildFile; fileRef = 14DF3BFB20970F1100215368 /* Assets.xcassets */; };
		14DF3BFF20970F1100215368 /* LaunchScreen.storyboard in Resources */ = {isa = PBXBuildFile; fileRef = 14DF3BFD20970F1100215368 /* LaunchScreen.storyboard */; };
		14DF3C072097166D00215368 /* CategoryCell.swift in Sources */ = {isa = PBXBuildFile; fileRef = 14DF3C062097166D00215368 /* CategoryCell.swift */; };
		14DF3C0A2097191600215368 /* ArticleCollectionViewCell.swift in Sources */ = {isa = PBXBuildFile; fileRef = 14DF3C082097191600215368 /* ArticleCollectionViewCell.swift */; };
		14DF3C0B2097191600215368 /* ArticleCollectionViewCell.xib in Resources */ = {isa = PBXBuildFile; fileRef = 14DF3C092097191600215368 /* ArticleCollectionViewCell.xib */; };
		14F7BD8D2099580300DE78C9 /* Post.storyboard in Resources */ = {isa = PBXBuildFile; fileRef = 14F7BD8C2099580300DE78C9 /* Post.storyboard */; };
		14F7BD8F2099597C00DE78C9 /* SearchYoutubeViewController.swift in Sources */ = {isa = PBXBuildFile; fileRef = 14F7BD8E2099597C00DE78C9 /* SearchYoutubeViewController.swift */; };
		14F7BD9120995A5900DE78C9 /* Search.storyboard in Resources */ = {isa = PBXBuildFile; fileRef = 14F7BD9020995A5900DE78C9 /* Search.storyboard */; };
		14F7BD9320995A7E00DE78C9 /* SearchViewController.swift in Sources */ = {isa = PBXBuildFile; fileRef = 14F7BD9220995A7E00DE78C9 /* SearchViewController.swift */; };
		14F7BD972099935500DE78C9 /* SearchYoutubeResultCell.swift in Sources */ = {isa = PBXBuildFile; fileRef = 14F7BD962099935500DE78C9 /* SearchYoutubeResultCell.swift */; };
		14F7BD992099AB7900DE78C9 /* YoutubeManager.swift in Sources */ = {isa = PBXBuildFile; fileRef = 14F7BD982099AB7900DE78C9 /* YoutubeManager.swift */; };
		66CB6BA513F17CA49AB73D4E /* Pods_travelTube.framework in Frameworks */ = {isa = PBXBuildFile; fileRef = 4EFCDCD4BA195A779FA564F4 /* Pods_travelTube.framework */; };
/* End PBXBuildFile section */

/* Begin PBXFileReference section */
		1414064E20A023D800BFB170 /* AnnotationCell.swift */ = {isa = PBXFileReference; lastKnownFileType = sourcecode.swift; path = AnnotationCell.swift; sourceTree = "<group>"; };
		1414064F20A023D800BFB170 /* AnnotationCell.xib */ = {isa = PBXFileReference; lastKnownFileType = file.xib; path = AnnotationCell.xib; sourceTree = "<group>"; };
		1414065220A04F9900BFB170 /* LoginViewController.swift */ = {isa = PBXFileReference; lastKnownFileType = sourcecode.swift; path = LoginViewController.swift; sourceTree = "<group>"; };
		1414065420A054D600BFB170 /* travelTube.entitlements */ = {isa = PBXFileReference; lastKnownFileType = text.plist.entitlements; path = travelTube.entitlements; sourceTree = "<group>"; };
		1414065520A0821800BFB170 /* UserManager.swift */ = {isa = PBXFileReference; lastKnownFileType = sourcecode.swift; path = UserManager.swift; sourceTree = "<group>"; };
		1414065820A095AA00BFB170 /* RoundedButton.swift */ = {isa = PBXFileReference; lastKnownFileType = sourcecode.swift; path = RoundedButton.swift; sourceTree = "<group>"; };
		145CAF1620AD7AA700057DB7 /* CommentCell.swift */ = {isa = PBXFileReference; lastKnownFileType = sourcecode.swift; path = CommentCell.swift; sourceTree = "<group>"; };
		145CAF1720AD7AA700057DB7 /* CommentCell.xib */ = {isa = PBXFileReference; lastKnownFileType = file.xib; path = CommentCell.xib; sourceTree = "<group>"; };
		145D19B820980C1D00BE71D0 /* GoogleService-Info.plist */ = {isa = PBXFileReference; fileEncoding = 4; lastKnownFileType = text.plist.xml; path = "GoogleService-Info.plist"; sourceTree = "<group>"; };
		145D19C02098545900BE71D0 /* Keys.swift */ = {isa = PBXFileReference; lastKnownFileType = sourcecode.swift; path = Keys.swift; sourceTree = "<group>"; };
		145D19C620985A8E00BE71D0 /* YouTubeProvider.swift */ = {isa = PBXFileReference; lastKnownFileType = sourcecode.swift; path = YouTubeProvider.swift; sourceTree = "<group>"; };
		145D19C920985CED00BE71D0 /* Constants.swift */ = {isa = PBXFileReference; lastKnownFileType = sourcecode.swift; path = Constants.swift; sourceTree = "<group>"; };
		145D19CC2098647400BE71D0 /* TabBarViewController.swift */ = {isa = PBXFileReference; lastKnownFileType = sourcecode.swift; path = TabBarViewController.swift; sourceTree = "<group>"; };
		145D19CF2098657200BE71D0 /* Feed.storyboard */ = {isa = PBXFileReference; lastKnownFileType = file.storyboard; path = Feed.storyboard; sourceTree = "<group>"; };
		145D19D22098667D00BE71D0 /* UIStoryboard+David.swift */ = {isa = PBXFileReference; lastKnownFileType = sourcecode.swift; path = "UIStoryboard+David.swift"; sourceTree = "<group>"; };
		145D19D42098774C00BE71D0 /* Profile.storyboard */ = {isa = PBXFileReference; lastKnownFileType = file.storyboard; path = Profile.storyboard; sourceTree = "<group>"; };
		148F90FE209AAFF300308179 /* PostArticleViewController.swift */ = {isa = PBXFileReference; lastKnownFileType = sourcecode.swift; path = PostArticleViewController.swift; sourceTree = "<group>"; };
		14AE66B420AAB577007D7851 /* Detail.storyboard */ = {isa = PBXFileReference; lastKnownFileType = file.storyboard; path = Detail.storyboard; sourceTree = "<group>"; };
		14AE66B920AAB5CD007D7851 /* DetailViewController.swift */ = {isa = PBXFileReference; lastKnownFileType = sourcecode.swift; path = DetailViewController.swift; sourceTree = "<group>"; };
		14DA419920A13F2F00A74254 /* travelTube-Bridging-Header.h */ = {isa = PBXFileReference; lastKnownFileType = sourcecode.c.h; path = "travelTube-Bridging-Header.h"; sourceTree = "<group>"; };
		14DA419A20A13F3000A74254 /* SWRevealViewController.m */ = {isa = PBXFileReference; fileEncoding = 4; lastKnownFileType = sourcecode.c.objc; path = SWRevealViewController.m; sourceTree = "<group>"; };
		14DA419B20A13F3000A74254 /* SWRevealViewController.h */ = {isa = PBXFileReference; fileEncoding = 4; lastKnownFileType = sourcecode.c.h; path = SWRevealViewController.h; sourceTree = "<group>"; };
		14DA419E20A141D600A74254 /* LogoutViewController.swift */ = {isa = PBXFileReference; lastKnownFileType = sourcecode.swift; path = LogoutViewController.swift; sourceTree = "<group>"; };
		14DA41A020A1420200A74254 /* ProfileViewController.swift */ = {isa = PBXFileReference; lastKnownFileType = sourcecode.swift; path = ProfileViewController.swift; sourceTree = "<group>"; };
		14DA41A320A1522B00A74254 /* AuthManager.swift */ = {isa = PBXFileReference; lastKnownFileType = sourcecode.swift; path = AuthManager.swift; sourceTree = "<group>"; };
		14DA41A520A162C600A74254 /* FirebaseManager.swift */ = {isa = PBXFileReference; lastKnownFileType = sourcecode.swift; path = FirebaseManager.swift; sourceTree = "<group>"; };
		14DF3BF120970F0F00215368 /* travelTube.app */ = {isa = PBXFileReference; explicitFileType = wrapper.application; includeInIndex = 0; path = travelTube.app; sourceTree = BUILT_PRODUCTS_DIR; };
		14DF3BF420970F0F00215368 /* AppDelegate.swift */ = {isa = PBXFileReference; lastKnownFileType = sourcecode.swift; path = AppDelegate.swift; sourceTree = "<group>"; };
		14DF3BF620970F0F00215368 /* FeedViewController.swift */ = {isa = PBXFileReference; lastKnownFileType = sourcecode.swift; path = FeedViewController.swift; sourceTree = "<group>"; };
		14DF3BF920970F0F00215368 /* Base */ = {isa = PBXFileReference; lastKnownFileType = file.storyboard; name = Base; path = Base.lproj/Main.storyboard; sourceTree = "<group>"; };
		14DF3BFB20970F1100215368 /* Assets.xcassets */ = {isa = PBXFileReference; lastKnownFileType = folder.assetcatalog; path = Assets.xcassets; sourceTree = "<group>"; };
		14DF3BFE20970F1100215368 /* Base */ = {isa = PBXFileReference; lastKnownFileType = file.storyboard; name = Base; path = Base.lproj/LaunchScreen.storyboard; sourceTree = "<group>"; };
		14DF3C0020970F1100215368 /* Info.plist */ = {isa = PBXFileReference; lastKnownFileType = text.plist.xml; path = Info.plist; sourceTree = "<group>"; };
		14DF3C062097166D00215368 /* CategoryCell.swift */ = {isa = PBXFileReference; lastKnownFileType = sourcecode.swift; path = CategoryCell.swift; sourceTree = "<group>"; };
		14DF3C082097191600215368 /* ArticleCollectionViewCell.swift */ = {isa = PBXFileReference; lastKnownFileType = sourcecode.swift; path = ArticleCollectionViewCell.swift; sourceTree = "<group>"; };
		14DF3C092097191600215368 /* ArticleCollectionViewCell.xib */ = {isa = PBXFileReference; lastKnownFileType = file.xib; path = ArticleCollectionViewCell.xib; sourceTree = "<group>"; };
		14F7BD8C2099580300DE78C9 /* Post.storyboard */ = {isa = PBXFileReference; lastKnownFileType = file.storyboard; path = Post.storyboard; sourceTree = "<group>"; };
		14F7BD8E2099597C00DE78C9 /* SearchYoutubeViewController.swift */ = {isa = PBXFileReference; lastKnownFileType = sourcecode.swift; path = SearchYoutubeViewController.swift; sourceTree = "<group>"; };
		14F7BD9020995A5900DE78C9 /* Search.storyboard */ = {isa = PBXFileReference; lastKnownFileType = file.storyboard; path = Search.storyboard; sourceTree = "<group>"; };
		14F7BD9220995A7E00DE78C9 /* SearchViewController.swift */ = {isa = PBXFileReference; lastKnownFileType = sourcecode.swift; path = SearchViewController.swift; sourceTree = "<group>"; };
		14F7BD962099935500DE78C9 /* SearchYoutubeResultCell.swift */ = {isa = PBXFileReference; lastKnownFileType = sourcecode.swift; path = SearchYoutubeResultCell.swift; sourceTree = "<group>"; };
		14F7BD982099AB7900DE78C9 /* YoutubeManager.swift */ = {isa = PBXFileReference; lastKnownFileType = sourcecode.swift; path = YoutubeManager.swift; sourceTree = "<group>"; };
		4EFCDCD4BA195A779FA564F4 /* Pods_travelTube.framework */ = {isa = PBXFileReference; explicitFileType = wrapper.framework; includeInIndex = 0; path = Pods_travelTube.framework; sourceTree = BUILT_PRODUCTS_DIR; };
		57712F2A9CB788610E57F0B0 /* Pods-travelTube.debug.xcconfig */ = {isa = PBXFileReference; includeInIndex = 1; lastKnownFileType = text.xcconfig; name = "Pods-travelTube.debug.xcconfig"; path = "Pods/Target Support Files/Pods-travelTube/Pods-travelTube.debug.xcconfig"; sourceTree = "<group>"; };
		E5DD83A0E9365B8302E2BF40 /* Pods-travelTube.release.xcconfig */ = {isa = PBXFileReference; includeInIndex = 1; lastKnownFileType = text.xcconfig; name = "Pods-travelTube.release.xcconfig"; path = "Pods/Target Support Files/Pods-travelTube/Pods-travelTube.release.xcconfig"; sourceTree = "<group>"; };
/* End PBXFileReference section */

/* Begin PBXFrameworksBuildPhase section */
		14DF3BEE20970F0F00215368 /* Frameworks */ = {
			isa = PBXFrameworksBuildPhase;
			buildActionMask = 2147483647;
			files = (
				66CB6BA513F17CA49AB73D4E /* Pods_travelTube.framework in Frameworks */,
			);
			runOnlyForDeploymentPostprocessing = 0;
		};
/* End PBXFrameworksBuildPhase section */

/* Begin PBXGroup section */
		1414065720A0955300BFB170 /* Login */ = {
			isa = PBXGroup;
			children = (
				1414065820A095AA00BFB170 /* RoundedButton.swift */,
			);
			path = Login;
			sourceTree = "<group>";
		};
		145CAF1120AD7A1000057DB7 /* Detail */ = {
			isa = PBXGroup;
			children = (
				145CAF1620AD7AA700057DB7 /* CommentCell.swift */,
				145CAF1720AD7AA700057DB7 /* CommentCell.xib */,
			);
			path = Detail;
			sourceTree = "<group>";
		};
		145D19C2209859A900BE71D0 /* Controller */ = {
			isa = PBXGroup;
			children = (
				14AE66B620AAB59A007D7851 /* Detail */,
				14DA419D20A141BB00A74254 /* Profile */,
				148F90FD209AAEBA00308179 /* Post */,
				14DF3BF620970F0F00215368 /* FeedViewController.swift */,
				145D19CC2098647400BE71D0 /* TabBarViewController.swift */,
				14F7BD9220995A7E00DE78C9 /* SearchViewController.swift */,
				1414065220A04F9900BFB170 /* LoginViewController.swift */,
			);
			path = Controller;
			sourceTree = "<group>";
		};
		145D19C3209859CB00BE71D0 /* View */ = {
			isa = PBXGroup;
			children = (
				145CAF1120AD7A1000057DB7 /* Detail */,
				1414065720A0955300BFB170 /* Login */,
				14F7BD952099930C00DE78C9 /* Post */,
				145D19C4209859DF00BE71D0 /* Main */,
			);
			path = View;
			sourceTree = "<group>";
		};
		145D19C4209859DF00BE71D0 /* Main */ = {
			isa = PBXGroup;
			children = (
				14DF3C082097191600215368 /* ArticleCollectionViewCell.swift */,
				14DF3C092097191600215368 /* ArticleCollectionViewCell.xib */,
				14DF3C062097166D00215368 /* CategoryCell.swift */,
			);
			path = Main;
			sourceTree = "<group>";
		};
		145D19C520985A6B00BE71D0 /* Model */ = {
			isa = PBXGroup;
			children = (
				145D19C820985AD800BE71D0 /* Search Youtube */,
				14DA41A520A162C600A74254 /* FirebaseManager.swift */,
				14DA41A320A1522B00A74254 /* AuthManager.swift */,
			);
			path = Model;
			sourceTree = "<group>";
		};
		145D19C820985AD800BE71D0 /* Search Youtube */ = {
			isa = PBXGroup;
			children = (
				145D19C620985A8E00BE71D0 /* YouTubeProvider.swift */,
				14F7BD982099AB7900DE78C9 /* YoutubeManager.swift */,
			);
			path = "Search Youtube";
			sourceTree = "<group>";
		};
		145D19CB20985F3300BE71D0 /* Utitlties */ = {
			isa = PBXGroup;
			children = (
				14DA419820A13F1600A74254 /* SWReveal */,
				145D19C02098545900BE71D0 /* Keys.swift */,
				145D19C920985CED00BE71D0 /* Constants.swift */,
				1414065520A0821800BFB170 /* UserManager.swift */,
			);
			path = Utitlties;
			sourceTree = "<group>";
		};
		145D19CE2098650800BE71D0 /* Storyboard */ = {
			isa = PBXGroup;
			children = (
				14DF3BF820970F0F00215368 /* Main.storyboard */,
				14F7BD8C2099580300DE78C9 /* Post.storyboard */,
				145D19CF2098657200BE71D0 /* Feed.storyboard */,
				145D19D42098774C00BE71D0 /* Profile.storyboard */,
				14F7BD9020995A5900DE78C9 /* Search.storyboard */,
				14AE66B420AAB577007D7851 /* Detail.storyboard */,
			);
			path = Storyboard;
			sourceTree = "<group>";
		};
		145D19D12098664300BE71D0 /* Extension */ = {
			isa = PBXGroup;
			children = (
				145D19D22098667D00BE71D0 /* UIStoryboard+David.swift */,
			);
			path = Extension;
			sourceTree = "<group>";
		};
		148F90FD209AAEBA00308179 /* Post */ = {
			isa = PBXGroup;
			children = (
				14F7BD8E2099597C00DE78C9 /* SearchYoutubeViewController.swift */,
				148F90FE209AAFF300308179 /* PostArticleViewController.swift */,
			);
			path = Post;
			sourceTree = "<group>";
		};
		14AE66B620AAB59A007D7851 /* Detail */ = {
			isa = PBXGroup;
			children = (
				14AE66B920AAB5CD007D7851 /* DetailViewController.swift */,
			);
			path = Detail;
			sourceTree = "<group>";
		};
		14DA419820A13F1600A74254 /* SWReveal */ = {
			isa = PBXGroup;
			children = (
				14DA419B20A13F3000A74254 /* SWRevealViewController.h */,
				14DA419A20A13F3000A74254 /* SWRevealViewController.m */,
				14DA419920A13F2F00A74254 /* travelTube-Bridging-Header.h */,
			);
			path = SWReveal;
			sourceTree = "<group>";
		};
		14DA419D20A141BB00A74254 /* Profile */ = {
			isa = PBXGroup;
			children = (
				14DA419E20A141D600A74254 /* LogoutViewController.swift */,
				14DA41A020A1420200A74254 /* ProfileViewController.swift */,
			);
			path = Profile;
			sourceTree = "<group>";
		};
		14DF3BE820970F0F00215368 = {
			isa = PBXGroup;
			children = (
				14DF3BF320970F0F00215368 /* travelTube */,
				14DF3BF220970F0F00215368 /* Products */,
				F541A7ACC61395CEE5DF4EFA /* Pods */,
				43E1F952F19D4DB6EF041A96 /* Frameworks */,
			);
			sourceTree = "<group>";
		};
		14DF3BF220970F0F00215368 /* Products */ = {
			isa = PBXGroup;
			children = (
				14DF3BF120970F0F00215368 /* travelTube.app */,
			);
			name = Products;
			sourceTree = "<group>";
		};
		14DF3BF320970F0F00215368 /* travelTube */ = {
			isa = PBXGroup;
			children = (
				1414065420A054D600BFB170 /* travelTube.entitlements */,
				145D19C520985A6B00BE71D0 /* Model */,
				145D19C3209859CB00BE71D0 /* View */,
				145D19C2209859A900BE71D0 /* Controller */,
				145D19CE2098650800BE71D0 /* Storyboard */,
				145D19D12098664300BE71D0 /* Extension */,
				145D19CB20985F3300BE71D0 /* Utitlties */,
				14DF3BF420970F0F00215368 /* AppDelegate.swift */,
				14DF3BFB20970F1100215368 /* Assets.xcassets */,
				14DF3BFD20970F1100215368 /* LaunchScreen.storyboard */,
				14DF3C0020970F1100215368 /* Info.plist */,
				145D19B820980C1D00BE71D0 /* GoogleService-Info.plist */,
			);
			path = travelTube;
			sourceTree = "<group>";
		};
		14F7BD952099930C00DE78C9 /* Post */ = {
			isa = PBXGroup;
			children = (
				14F7BD962099935500DE78C9 /* SearchYoutubeResultCell.swift */,
				1414064E20A023D800BFB170 /* AnnotationCell.swift */,
				1414064F20A023D800BFB170 /* AnnotationCell.xib */,
			);
			path = Post;
			sourceTree = "<group>";
		};
		43E1F952F19D4DB6EF041A96 /* Frameworks */ = {
			isa = PBXGroup;
			children = (
				4EFCDCD4BA195A779FA564F4 /* Pods_travelTube.framework */,
			);
			name = Frameworks;
			sourceTree = "<group>";
		};
		F541A7ACC61395CEE5DF4EFA /* Pods */ = {
			isa = PBXGroup;
			children = (
				57712F2A9CB788610E57F0B0 /* Pods-travelTube.debug.xcconfig */,
				E5DD83A0E9365B8302E2BF40 /* Pods-travelTube.release.xcconfig */,
			);
			name = Pods;
			sourceTree = "<group>";
		};
/* End PBXGroup section */

/* Begin PBXNativeTarget section */
		14DF3BF020970F0F00215368 /* travelTube */ = {
			isa = PBXNativeTarget;
			buildConfigurationList = 14DF3C0320970F1100215368 /* Build configuration list for PBXNativeTarget "travelTube" */;
			buildPhases = (
				C613243D812A5C5602D00146 /* [CP] Check Pods Manifest.lock */,
				14F7BD9420996A2400DE78C9 /* ShellScript */,
				14DF3BED20970F0F00215368 /* Sources */,
				14DF3BEE20970F0F00215368 /* Frameworks */,
				14DF3BEF20970F0F00215368 /* Resources */,
				0B12AF0586828E91AC9A0740 /* [CP] Embed Pods Frameworks */,
				00A744263521987E7B8977BD /* [CP] Copy Pods Resources */,
			);
			buildRules = (
			);
			dependencies = (
			);
			name = travelTube;
			productName = travelTube;
			productReference = 14DF3BF120970F0F00215368 /* travelTube.app */;
			productType = "com.apple.product-type.application";
		};
/* End PBXNativeTarget section */

/* Begin PBXProject section */
		14DF3BE920970F0F00215368 /* Project object */ = {
			isa = PBXProject;
			attributes = {
				LastSwiftUpdateCheck = 0930;
				LastUpgradeCheck = 0930;
				ORGANIZATIONNAME = DavidWu;
				TargetAttributes = {
					14DF3BF020970F0F00215368 = {
						CreatedOnToolsVersion = 9.3;
						LastSwiftMigration = 0930;
						SystemCapabilities = {
							com.apple.Keychain = {
								enabled = 1;
							};
						};
					};
				};
			};
			buildConfigurationList = 14DF3BEC20970F0F00215368 /* Build configuration list for PBXProject "travelTube" */;
			compatibilityVersion = "Xcode 9.3";
			developmentRegion = en;
			hasScannedForEncodings = 0;
			knownRegions = (
				en,
				Base,
			);
			mainGroup = 14DF3BE820970F0F00215368;
			productRefGroup = 14DF3BF220970F0F00215368 /* Products */;
			projectDirPath = "";
			projectRoot = "";
			targets = (
				14DF3BF020970F0F00215368 /* travelTube */,
			);
		};
/* End PBXProject section */

/* Begin PBXResourcesBuildPhase section */
		14DF3BEF20970F0F00215368 /* Resources */ = {
			isa = PBXResourcesBuildPhase;
			buildActionMask = 2147483647;
			files = (
				145D19D52098774C00BE71D0 /* Profile.storyboard in Resources */,
				14DF3BFF20970F1100215368 /* LaunchScreen.storyboard in Resources */,
				14DF3C0B2097191600215368 /* ArticleCollectionViewCell.xib in Resources */,
				145CAF1920AD7AA700057DB7 /* CommentCell.xib in Resources */,
				145D19D02098657200BE71D0 /* Feed.storyboard in Resources */,
				14AE66B520AAB577007D7851 /* Detail.storyboard in Resources */,
				14F7BD9120995A5900DE78C9 /* Search.storyboard in Resources */,
				14F7BD8D2099580300DE78C9 /* Post.storyboard in Resources */,
				1414065120A023D800BFB170 /* AnnotationCell.xib in Resources */,
				145D19B920980C1D00BE71D0 /* GoogleService-Info.plist in Resources */,
				14DF3BFC20970F1100215368 /* Assets.xcassets in Resources */,
				14DF3BFA20970F0F00215368 /* Main.storyboard in Resources */,
			);
			runOnlyForDeploymentPostprocessing = 0;
		};
/* End PBXResourcesBuildPhase section */

/* Begin PBXShellScriptBuildPhase section */
		00A744263521987E7B8977BD /* [CP] Copy Pods Resources */ = {
			isa = PBXShellScriptBuildPhase;
			buildActionMask = 2147483647;
			files = (
			);
			inputPaths = (
				"${SRCROOT}/Pods/Target Support Files/Pods-travelTube/Pods-travelTube-resources.sh",
				"${PODS_ROOT}/FirebaseInvites/Resources/GINInviteResources.bundle",
				"${PODS_ROOT}/FirebaseInvites/Resources/GPPACLPickerResources.bundle",
				"${PODS_ROOT}/GoogleSignIn/Resources/GoogleSignIn.bundle",
			);
			name = "[CP] Copy Pods Resources";
			outputPaths = (
				"${TARGET_BUILD_DIR}/${UNLOCALIZED_RESOURCES_FOLDER_PATH}/GINInviteResources.bundle",
				"${TARGET_BUILD_DIR}/${UNLOCALIZED_RESOURCES_FOLDER_PATH}/GPPACLPickerResources.bundle",
				"${TARGET_BUILD_DIR}/${UNLOCALIZED_RESOURCES_FOLDER_PATH}/GoogleSignIn.bundle",
			);
			runOnlyForDeploymentPostprocessing = 0;
			shellPath = /bin/sh;
			shellScript = "\"${SRCROOT}/Pods/Target Support Files/Pods-travelTube/Pods-travelTube-resources.sh\"\n";
			showEnvVarsInLog = 0;
		};
		0B12AF0586828E91AC9A0740 /* [CP] Embed Pods Frameworks */ = {
			isa = PBXShellScriptBuildPhase;
			buildActionMask = 2147483647;
			files = (
			);
			inputPaths = (
				"${SRCROOT}/Pods/Target Support Files/Pods-travelTube/Pods-travelTube-frameworks.sh",
				"${BUILT_PRODUCTS_DIR}/AMScrollingNavbar/AMScrollingNavbar.framework",
				"${BUILT_PRODUCTS_DIR}/Alamofire/Alamofire.framework",
				"${BUILT_PRODUCTS_DIR}/CodableFirebase/CodableFirebase.framework",
				"${BUILT_PRODUCTS_DIR}/GTMOAuth2/GTMOAuth2.framework",
				"${BUILT_PRODUCTS_DIR}/GTMSessionFetcher/GTMSessionFetcher.framework",
				"${BUILT_PRODUCTS_DIR}/GoogleAPIClientForREST/GoogleAPIClientForREST.framework",
				"${BUILT_PRODUCTS_DIR}/GoogleToolboxForMac/GoogleToolboxForMac.framework",
				"${BUILT_PRODUCTS_DIR}/IQKeyboardManagerSwift/IQKeyboardManagerSwift.framework",
				"${BUILT_PRODUCTS_DIR}/KSTokenView/KSTokenView.framework",
				"${BUILT_PRODUCTS_DIR}/Protobuf/Protobuf.framework",
				"${BUILT_PRODUCTS_DIR}/ReactiveSwift/ReactiveSwift.framework",
				"${BUILT_PRODUCTS_DIR}/Result/Result.framework",
				"${BUILT_PRODUCTS_DIR}/SDWebImage/SDWebImage.framework",
				"${BUILT_PRODUCTS_DIR}/SKActivityIndicatorView/SKActivityIndicatorView.framework",
				"${BUILT_PRODUCTS_DIR}/SwiftyJSON/SwiftyJSON.framework",
				"${BUILT_PRODUCTS_DIR}/YouTubePlayer/YouTubePlayer.framework",
				"${BUILT_PRODUCTS_DIR}/YoutubeEngine/YoutubeEngine.framework",
				"${BUILT_PRODUCTS_DIR}/leveldb-library/leveldb.framework",
				"${BUILT_PRODUCTS_DIR}/nanopb/nanopb.framework",
			);
			name = "[CP] Embed Pods Frameworks";
			outputPaths = (
				"${TARGET_BUILD_DIR}/${FRAMEWORKS_FOLDER_PATH}/AMScrollingNavbar.framework",
				"${TARGET_BUILD_DIR}/${FRAMEWORKS_FOLDER_PATH}/Alamofire.framework",
				"${TARGET_BUILD_DIR}/${FRAMEWORKS_FOLDER_PATH}/CodableFirebase.framework",
				"${TARGET_BUILD_DIR}/${FRAMEWORKS_FOLDER_PATH}/GTMOAuth2.framework",
				"${TARGET_BUILD_DIR}/${FRAMEWORKS_FOLDER_PATH}/GTMSessionFetcher.framework",
				"${TARGET_BUILD_DIR}/${FRAMEWORKS_FOLDER_PATH}/GoogleAPIClientForREST.framework",
				"${TARGET_BUILD_DIR}/${FRAMEWORKS_FOLDER_PATH}/GoogleToolboxForMac.framework",
				"${TARGET_BUILD_DIR}/${FRAMEWORKS_FOLDER_PATH}/IQKeyboardManagerSwift.framework",
				"${TARGET_BUILD_DIR}/${FRAMEWORKS_FOLDER_PATH}/KSTokenView.framework",
				"${TARGET_BUILD_DIR}/${FRAMEWORKS_FOLDER_PATH}/Protobuf.framework",
				"${TARGET_BUILD_DIR}/${FRAMEWORKS_FOLDER_PATH}/ReactiveSwift.framework",
				"${TARGET_BUILD_DIR}/${FRAMEWORKS_FOLDER_PATH}/Result.framework",
				"${TARGET_BUILD_DIR}/${FRAMEWORKS_FOLDER_PATH}/SDWebImage.framework",
				"${TARGET_BUILD_DIR}/${FRAMEWORKS_FOLDER_PATH}/SKActivityIndicatorView.framework",
				"${TARGET_BUILD_DIR}/${FRAMEWORKS_FOLDER_PATH}/SwiftyJSON.framework",
				"${TARGET_BUILD_DIR}/${FRAMEWORKS_FOLDER_PATH}/YouTubePlayer.framework",
				"${TARGET_BUILD_DIR}/${FRAMEWORKS_FOLDER_PATH}/YoutubeEngine.framework",
				"${TARGET_BUILD_DIR}/${FRAMEWORKS_FOLDER_PATH}/leveldb.framework",
				"${TARGET_BUILD_DIR}/${FRAMEWORKS_FOLDER_PATH}/nanopb.framework",
			);
			runOnlyForDeploymentPostprocessing = 0;
			shellPath = /bin/sh;
			shellScript = "\"${SRCROOT}/Pods/Target Support Files/Pods-travelTube/Pods-travelTube-frameworks.sh\"\n";
			showEnvVarsInLog = 0;
		};
		14F7BD9420996A2400DE78C9 /* ShellScript */ = {
			isa = PBXShellScriptBuildPhase;
			buildActionMask = 2147483647;
			files = (
			);
			inputPaths = (
			);
			outputPaths = (
			);
			runOnlyForDeploymentPostprocessing = 0;
			shellPath = /bin/sh;
			shellScript = "\"${PODS_ROOT}/SwiftLint/swiftlint\"";
		};
		C613243D812A5C5602D00146 /* [CP] Check Pods Manifest.lock */ = {
			isa = PBXShellScriptBuildPhase;
			buildActionMask = 2147483647;
			files = (
			);
			inputPaths = (
				"${PODS_PODFILE_DIR_PATH}/Podfile.lock",
				"${PODS_ROOT}/Manifest.lock",
			);
			name = "[CP] Check Pods Manifest.lock";
			outputPaths = (
				"$(DERIVED_FILE_DIR)/Pods-travelTube-checkManifestLockResult.txt",
			);
			runOnlyForDeploymentPostprocessing = 0;
			shellPath = /bin/sh;
			shellScript = "diff \"${PODS_PODFILE_DIR_PATH}/Podfile.lock\" \"${PODS_ROOT}/Manifest.lock\" > /dev/null\nif [ $? != 0 ] ; then\n    # print error to STDERR\n    echo \"error: The sandbox is not in sync with the Podfile.lock. Run 'pod install' or update your CocoaPods installation.\" >&2\n    exit 1\nfi\n# This output is used by Xcode 'outputs' to avoid re-running this script phase.\necho \"SUCCESS\" > \"${SCRIPT_OUTPUT_FILE_0}\"\n";
			showEnvVarsInLog = 0;
		};
/* End PBXShellScriptBuildPhase section */

/* Begin PBXSourcesBuildPhase section */
		14DF3BED20970F0F00215368 /* Sources */ = {
			isa = PBXSourcesBuildPhase;
			buildActionMask = 2147483647;
			files = (
				1414065920A095AA00BFB170 /* RoundedButton.swift in Sources */,
				14DA419C20A13F3000A74254 /* SWRevealViewController.m in Sources */,
				14F7BD992099AB7900DE78C9 /* YoutubeManager.swift in Sources */,
				145D19D32098667D00BE71D0 /* UIStoryboard+David.swift in Sources */,
				14F7BD9320995A7E00DE78C9 /* SearchViewController.swift in Sources */,
				145CAF1820AD7AA700057DB7 /* CommentCell.swift in Sources */,
				148F90FF209AAFF300308179 /* PostArticleViewController.swift in Sources */,
				145D19CD2098647400BE71D0 /* TabBarViewController.swift in Sources */,
				145D19C12098545900BE71D0 /* Keys.swift in Sources */,
				145D19C720985A8E00BE71D0 /* YouTubeProvider.swift in Sources */,
				14F7BD972099935500DE78C9 /* SearchYoutubeResultCell.swift in Sources */,
				14F7BD8F2099597C00DE78C9 /* SearchYoutubeViewController.swift in Sources */,
				14DF3BF720970F0F00215368 /* FeedViewController.swift in Sources */,
				14DF3C0A2097191600215368 /* ArticleCollectionViewCell.swift in Sources */,
				14DF3BF520970F0F00215368 /* AppDelegate.swift in Sources */,
				1414065320A04F9900BFB170 /* LoginViewController.swift in Sources */,
				14AE66BA20AAB5CD007D7851 /* DetailViewController.swift in Sources */,
				14DF3C072097166D00215368 /* CategoryCell.swift in Sources */,
				145D19CA20985CED00BE71D0 /* Constants.swift in Sources */,
				1414065020A023D800BFB170 /* AnnotationCell.swift in Sources */,
				14DA41A120A1420200A74254 /* ProfileViewController.swift in Sources */,
				14DA41A420A1522B00A74254 /* AuthManager.swift in Sources */,
				14DA41A620A162C600A74254 /* FirebaseManager.swift in Sources */,
				14DA419F20A141D600A74254 /* LogoutViewController.swift in Sources */,
				1414065620A0821800BFB170 /* UserManager.swift in Sources */,
			);
			runOnlyForDeploymentPostprocessing = 0;
		};
/* End PBXSourcesBuildPhase section */

/* Begin PBXVariantGroup section */
		14DF3BF820970F0F00215368 /* Main.storyboard */ = {
			isa = PBXVariantGroup;
			children = (
				14DF3BF920970F0F00215368 /* Base */,
			);
			name = Main.storyboard;
			sourceTree = "<group>";
		};
		14DF3BFD20970F1100215368 /* LaunchScreen.storyboard */ = {
			isa = PBXVariantGroup;
			children = (
				14DF3BFE20970F1100215368 /* Base */,
			);
			name = LaunchScreen.storyboard;
			sourceTree = "<group>";
		};
/* End PBXVariantGroup section */

/* Begin XCBuildConfiguration section */
		14DF3C0120970F1100215368 /* Debug */ = {
			isa = XCBuildConfiguration;
			buildSettings = {
				ALWAYS_SEARCH_USER_PATHS = NO;
				CLANG_ANALYZER_NONNULL = YES;
				CLANG_ANALYZER_NUMBER_OBJECT_CONVERSION = YES_AGGRESSIVE;
				CLANG_CXX_LANGUAGE_STANDARD = "gnu++14";
				CLANG_CXX_LIBRARY = "libc++";
				CLANG_ENABLE_MODULES = YES;
				CLANG_ENABLE_OBJC_ARC = YES;
				CLANG_ENABLE_OBJC_WEAK = YES;
				CLANG_WARN_BLOCK_CAPTURE_AUTORELEASING = YES;
				CLANG_WARN_BOOL_CONVERSION = YES;
				CLANG_WARN_COMMA = YES;
				CLANG_WARN_CONSTANT_CONVERSION = YES;
				CLANG_WARN_DEPRECATED_OBJC_IMPLEMENTATIONS = YES;
				CLANG_WARN_DIRECT_OBJC_ISA_USAGE = YES_ERROR;
				CLANG_WARN_DOCUMENTATION_COMMENTS = YES;
				CLANG_WARN_EMPTY_BODY = YES;
				CLANG_WARN_ENUM_CONVERSION = YES;
				CLANG_WARN_INFINITE_RECURSION = YES;
				CLANG_WARN_INT_CONVERSION = YES;
				CLANG_WARN_NON_LITERAL_NULL_CONVERSION = YES;
				CLANG_WARN_OBJC_IMPLICIT_RETAIN_SELF = YES;
				CLANG_WARN_OBJC_LITERAL_CONVERSION = YES;
				CLANG_WARN_OBJC_ROOT_CLASS = YES_ERROR;
				CLANG_WARN_RANGE_LOOP_ANALYSIS = YES;
				CLANG_WARN_STRICT_PROTOTYPES = YES;
				CLANG_WARN_SUSPICIOUS_MOVE = YES;
				CLANG_WARN_UNGUARDED_AVAILABILITY = YES_AGGRESSIVE;
				CLANG_WARN_UNREACHABLE_CODE = YES;
				CLANG_WARN__DUPLICATE_METHOD_MATCH = YES;
				CODE_SIGN_IDENTITY = "iPhone Developer";
				COPY_PHASE_STRIP = NO;
				DEBUG_INFORMATION_FORMAT = dwarf;
				ENABLE_STRICT_OBJC_MSGSEND = YES;
				ENABLE_TESTABILITY = YES;
				GCC_C_LANGUAGE_STANDARD = gnu11;
				GCC_DYNAMIC_NO_PIC = NO;
				GCC_NO_COMMON_BLOCKS = YES;
				GCC_OPTIMIZATION_LEVEL = 0;
				GCC_PREPROCESSOR_DEFINITIONS = (
					"DEBUG=1",
					"$(inherited)",
				);
				GCC_WARN_64_TO_32_BIT_CONVERSION = YES;
				GCC_WARN_ABOUT_RETURN_TYPE = YES_ERROR;
				GCC_WARN_UNDECLARED_SELECTOR = YES;
				GCC_WARN_UNINITIALIZED_AUTOS = YES_AGGRESSIVE;
				GCC_WARN_UNUSED_FUNCTION = YES;
				GCC_WARN_UNUSED_VARIABLE = YES;
				IPHONEOS_DEPLOYMENT_TARGET = 11.3;
				MTL_ENABLE_DEBUG_INFO = YES;
				ONLY_ACTIVE_ARCH = YES;
				SDKROOT = iphoneos;
				SWIFT_ACTIVE_COMPILATION_CONDITIONS = DEBUG;
				SWIFT_OPTIMIZATION_LEVEL = "-Onone";
			};
			name = Debug;
		};
		14DF3C0220970F1100215368 /* Release */ = {
			isa = XCBuildConfiguration;
			buildSettings = {
				ALWAYS_SEARCH_USER_PATHS = NO;
				CLANG_ANALYZER_NONNULL = YES;
				CLANG_ANALYZER_NUMBER_OBJECT_CONVERSION = YES_AGGRESSIVE;
				CLANG_CXX_LANGUAGE_STANDARD = "gnu++14";
				CLANG_CXX_LIBRARY = "libc++";
				CLANG_ENABLE_MODULES = YES;
				CLANG_ENABLE_OBJC_ARC = YES;
				CLANG_ENABLE_OBJC_WEAK = YES;
				CLANG_WARN_BLOCK_CAPTURE_AUTORELEASING = YES;
				CLANG_WARN_BOOL_CONVERSION = YES;
				CLANG_WARN_COMMA = YES;
				CLANG_WARN_CONSTANT_CONVERSION = YES;
				CLANG_WARN_DEPRECATED_OBJC_IMPLEMENTATIONS = YES;
				CLANG_WARN_DIRECT_OBJC_ISA_USAGE = YES_ERROR;
				CLANG_WARN_DOCUMENTATION_COMMENTS = YES;
				CLANG_WARN_EMPTY_BODY = YES;
				CLANG_WARN_ENUM_CONVERSION = YES;
				CLANG_WARN_INFINITE_RECURSION = YES;
				CLANG_WARN_INT_CONVERSION = YES;
				CLANG_WARN_NON_LITERAL_NULL_CONVERSION = YES;
				CLANG_WARN_OBJC_IMPLICIT_RETAIN_SELF = YES;
				CLANG_WARN_OBJC_LITERAL_CONVERSION = YES;
				CLANG_WARN_OBJC_ROOT_CLASS = YES_ERROR;
				CLANG_WARN_RANGE_LOOP_ANALYSIS = YES;
				CLANG_WARN_STRICT_PROTOTYPES = YES;
				CLANG_WARN_SUSPICIOUS_MOVE = YES;
				CLANG_WARN_UNGUARDED_AVAILABILITY = YES_AGGRESSIVE;
				CLANG_WARN_UNREACHABLE_CODE = YES;
				CLANG_WARN__DUPLICATE_METHOD_MATCH = YES;
				CODE_SIGN_IDENTITY = "iPhone Developer";
				COPY_PHASE_STRIP = NO;
				DEBUG_INFORMATION_FORMAT = "dwarf-with-dsym";
				ENABLE_NS_ASSERTIONS = NO;
				ENABLE_STRICT_OBJC_MSGSEND = YES;
				GCC_C_LANGUAGE_STANDARD = gnu11;
				GCC_NO_COMMON_BLOCKS = YES;
				GCC_WARN_64_TO_32_BIT_CONVERSION = YES;
				GCC_WARN_ABOUT_RETURN_TYPE = YES_ERROR;
				GCC_WARN_UNDECLARED_SELECTOR = YES;
				GCC_WARN_UNINITIALIZED_AUTOS = YES_AGGRESSIVE;
				GCC_WARN_UNUSED_FUNCTION = YES;
				GCC_WARN_UNUSED_VARIABLE = YES;
				IPHONEOS_DEPLOYMENT_TARGET = 11.3;
				MTL_ENABLE_DEBUG_INFO = NO;
				ONLY_ACTIVE_ARCH = NO;
				SDKROOT = iphoneos;
				SWIFT_COMPILATION_MODE = wholemodule;
				SWIFT_OPTIMIZATION_LEVEL = "-O";
				VALIDATE_PRODUCT = YES;
			};
			name = Release;
		};
		14DF3C0420970F1100215368 /* Debug */ = {
			isa = XCBuildConfiguration;
			baseConfigurationReference = 57712F2A9CB788610E57F0B0 /* Pods-travelTube.debug.xcconfig */;
			buildSettings = {
				ASSETCATALOG_COMPILER_APPICON_NAME = AppIcon;
				CLANG_ENABLE_MODULES = YES;
				CODE_SIGN_ENTITLEMENTS = travelTube/travelTube.entitlements;
				CODE_SIGN_STYLE = Automatic;
				DEVELOPMENT_TEAM = ND2LGZT6B5;
				INFOPLIST_FILE = travelTube/Info.plist;
				LD_RUNPATH_SEARCH_PATHS = (
					"$(inherited)",
					"@executable_path/Frameworks",
				);
				PRODUCT_BUNDLE_IDENTIFIER = com.davidwu.travelTube;
				PRODUCT_NAME = "$(TARGET_NAME)";
				SWIFT_OBJC_BRIDGING_HEADER = "travelTube/Utitlties/SWReveal/travelTube-Bridging-Header.h";
				SWIFT_OPTIMIZATION_LEVEL = "-Onone";
				SWIFT_VERSION = 4.0;
				TARGETED_DEVICE_FAMILY = "1,2";
			};
			name = Debug;
		};
		14DF3C0520970F1100215368 /* Release */ = {
			isa = XCBuildConfiguration;
			baseConfigurationReference = E5DD83A0E9365B8302E2BF40 /* Pods-travelTube.release.xcconfig */;
			buildSettings = {
				ASSETCATALOG_COMPILER_APPICON_NAME = AppIcon;
				CLANG_ENABLE_MODULES = YES;
				CODE_SIGN_ENTITLEMENTS = travelTube/travelTube.entitlements;
				CODE_SIGN_STYLE = Automatic;
				DEVELOPMENT_TEAM = ND2LGZT6B5;
				INFOPLIST_FILE = travelTube/Info.plist;
				LD_RUNPATH_SEARCH_PATHS = (
					"$(inherited)",
					"@executable_path/Frameworks",
				);
				PRODUCT_BUNDLE_IDENTIFIER = com.davidwu.travelTube;
				PRODUCT_NAME = "$(TARGET_NAME)";
				SWIFT_OBJC_BRIDGING_HEADER = "travelTube/Utitlties/SWReveal/travelTube-Bridging-Header.h";
				SWIFT_VERSION = 4.0;
				TARGETED_DEVICE_FAMILY = "1,2";
			};
			name = Release;
		};
/* End XCBuildConfiguration section */

/* Begin XCConfigurationList section */
		14DF3BEC20970F0F00215368 /* Build configuration list for PBXProject "travelTube" */ = {
			isa = XCConfigurationList;
			buildConfigurations = (
				14DF3C0120970F1100215368 /* Debug */,
				14DF3C0220970F1100215368 /* Release */,
			);
			defaultConfigurationIsVisible = 0;
			defaultConfigurationName = Release;
		};
		14DF3C0320970F1100215368 /* Build configuration list for PBXNativeTarget "travelTube" */ = {
			isa = XCConfigurationList;
			buildConfigurations = (
				14DF3C0420970F1100215368 /* Debug */,
				14DF3C0520970F1100215368 /* Release */,
			);
			defaultConfigurationIsVisible = 0;
			defaultConfigurationName = Release;
		};
/* End XCConfigurationList section */
	};
	rootObject = 14DF3BE920970F0F00215368 /* Project object */;
}
