// !$*UTF8*$!
{
	archiveVersion = 1;
	classes = {
	};
	objectVersion = 50;
	objects = {

/* Begin PBXBuildFile section */
		145D19B920980C1D00BE71D0 /* GoogleService-Info.plist in Resources */ = {isa = PBXBuildFile; fileRef = 145D19B820980C1D00BE71D0 /* GoogleService-Info.plist */; };
		145D19C12098545900BE71D0 /* Keys.swift in Sources */ = {isa = PBXBuildFile; fileRef = 145D19C02098545900BE71D0 /* Keys.swift */; };
		145D19C720985A8E00BE71D0 /* YouTubeProvider.swift in Sources */ = {isa = PBXBuildFile; fileRef = 145D19C620985A8E00BE71D0 /* YouTubeProvider.swift */; };
		145D19CA20985CED00BE71D0 /* Constants.swift in Sources */ = {isa = PBXBuildFile; fileRef = 145D19C920985CED00BE71D0 /* Constants.swift */; };
		14DF3BF520970F0F00215368 /* AppDelegate.swift in Sources */ = {isa = PBXBuildFile; fileRef = 14DF3BF420970F0F00215368 /* AppDelegate.swift */; };
		14DF3BF720970F0F00215368 /* MainViewController.swift in Sources */ = {isa = PBXBuildFile; fileRef = 14DF3BF620970F0F00215368 /* MainViewController.swift */; };
		14DF3BFA20970F0F00215368 /* Main.storyboard in Resources */ = {isa = PBXBuildFile; fileRef = 14DF3BF820970F0F00215368 /* Main.storyboard */; };
		14DF3BFC20970F1100215368 /* Assets.xcassets in Resources */ = {isa = PBXBuildFile; fileRef = 14DF3BFB20970F1100215368 /* Assets.xcassets */; };
		14DF3BFF20970F1100215368 /* LaunchScreen.storyboard in Resources */ = {isa = PBXBuildFile; fileRef = 14DF3BFD20970F1100215368 /* LaunchScreen.storyboard */; };
		14DF3C072097166D00215368 /* CategoryCell.swift in Sources */ = {isa = PBXBuildFile; fileRef = 14DF3C062097166D00215368 /* CategoryCell.swift */; };
		14DF3C0A2097191600215368 /* ArticleCollectionViewCell.swift in Sources */ = {isa = PBXBuildFile; fileRef = 14DF3C082097191600215368 /* ArticleCollectionViewCell.swift */; };
		14DF3C0B2097191600215368 /* ArticleCollectionViewCell.xib in Resources */ = {isa = PBXBuildFile; fileRef = 14DF3C092097191600215368 /* ArticleCollectionViewCell.xib */; };
		DB96516B76BC72F1ACE1048F /* Pods_travelTube.framework in Frameworks */ = {isa = PBXBuildFile; fileRef = 127DDB3116503A9523918E26 /* Pods_travelTube.framework */; };
/* End PBXBuildFile section */

/* Begin PBXFileReference section */
		127DDB3116503A9523918E26 /* Pods_travelTube.framework */ = {isa = PBXFileReference; explicitFileType = wrapper.framework; includeInIndex = 0; path = Pods_travelTube.framework; sourceTree = BUILT_PRODUCTS_DIR; };
		145D19B820980C1D00BE71D0 /* GoogleService-Info.plist */ = {isa = PBXFileReference; fileEncoding = 4; lastKnownFileType = text.plist.xml; path = "GoogleService-Info.plist"; sourceTree = "<group>"; };
		145D19C02098545900BE71D0 /* Keys.swift */ = {isa = PBXFileReference; lastKnownFileType = sourcecode.swift; path = Keys.swift; sourceTree = "<group>"; };
		145D19C620985A8E00BE71D0 /* YouTubeProvider.swift */ = {isa = PBXFileReference; lastKnownFileType = sourcecode.swift; path = YouTubeProvider.swift; sourceTree = "<group>"; };
		145D19C920985CED00BE71D0 /* Constants.swift */ = {isa = PBXFileReference; lastKnownFileType = sourcecode.swift; path = Constants.swift; sourceTree = "<group>"; };
		14DF3BF120970F0F00215368 /* travelTube.app */ = {isa = PBXFileReference; explicitFileType = wrapper.application; includeInIndex = 0; path = travelTube.app; sourceTree = BUILT_PRODUCTS_DIR; };
		14DF3BF420970F0F00215368 /* AppDelegate.swift */ = {isa = PBXFileReference; lastKnownFileType = sourcecode.swift; path = AppDelegate.swift; sourceTree = "<group>"; };
		14DF3BF620970F0F00215368 /* MainViewController.swift */ = {isa = PBXFileReference; lastKnownFileType = sourcecode.swift; path = MainViewController.swift; sourceTree = "<group>"; };
		14DF3BF920970F0F00215368 /* Base */ = {isa = PBXFileReference; lastKnownFileType = file.storyboard; name = Base; path = Base.lproj/Main.storyboard; sourceTree = "<group>"; };
		14DF3BFB20970F1100215368 /* Assets.xcassets */ = {isa = PBXFileReference; lastKnownFileType = folder.assetcatalog; path = Assets.xcassets; sourceTree = "<group>"; };
		14DF3BFE20970F1100215368 /* Base */ = {isa = PBXFileReference; lastKnownFileType = file.storyboard; name = Base; path = Base.lproj/LaunchScreen.storyboard; sourceTree = "<group>"; };
		14DF3C0020970F1100215368 /* Info.plist */ = {isa = PBXFileReference; lastKnownFileType = text.plist.xml; path = Info.plist; sourceTree = "<group>"; };
		14DF3C062097166D00215368 /* CategoryCell.swift */ = {isa = PBXFileReference; lastKnownFileType = sourcecode.swift; path = CategoryCell.swift; sourceTree = "<group>"; };
		14DF3C082097191600215368 /* ArticleCollectionViewCell.swift */ = {isa = PBXFileReference; lastKnownFileType = sourcecode.swift; path = ArticleCollectionViewCell.swift; sourceTree = "<group>"; };
		14DF3C092097191600215368 /* ArticleCollectionViewCell.xib */ = {isa = PBXFileReference; lastKnownFileType = file.xib; path = ArticleCollectionViewCell.xib; sourceTree = "<group>"; };
		5C1C8311C9806D60C5C07A3C /* Pods-travelTube.debug.xcconfig */ = {isa = PBXFileReference; includeInIndex = 1; lastKnownFileType = text.xcconfig; name = "Pods-travelTube.debug.xcconfig"; path = "Pods/Target Support Files/Pods-travelTube/Pods-travelTube.debug.xcconfig"; sourceTree = "<group>"; };
		E6E07F4F7358EA50904411DC /* Pods-travelTube.release.xcconfig */ = {isa = PBXFileReference; includeInIndex = 1; lastKnownFileType = text.xcconfig; name = "Pods-travelTube.release.xcconfig"; path = "Pods/Target Support Files/Pods-travelTube/Pods-travelTube.release.xcconfig"; sourceTree = "<group>"; };
/* End PBXFileReference section */

/* Begin PBXFrameworksBuildPhase section */
		14DF3BEE20970F0F00215368 /* Frameworks */ = {
			isa = PBXFrameworksBuildPhase;
			buildActionMask = 2147483647;
			files = (
				DB96516B76BC72F1ACE1048F /* Pods_travelTube.framework in Frameworks */,
			);
			runOnlyForDeploymentPostprocessing = 0;
		};
/* End PBXFrameworksBuildPhase section */

/* Begin PBXGroup section */
		145D19C2209859A900BE71D0 /* Controller */ = {
			isa = PBXGroup;
			children = (
				14DF3BF620970F0F00215368 /* MainViewController.swift */,
			);
			path = Controller;
			sourceTree = "<group>";
		};
		145D19C3209859CB00BE71D0 /* View */ = {
			isa = PBXGroup;
			children = (
				145D19C4209859DF00BE71D0 /* MainView */,
			);
			path = View;
			sourceTree = "<group>";
		};
		145D19C4209859DF00BE71D0 /* MainView */ = {
			isa = PBXGroup;
			children = (
				14DF3C082097191600215368 /* ArticleCollectionViewCell.swift */,
				14DF3C092097191600215368 /* ArticleCollectionViewCell.xib */,
				14DF3C062097166D00215368 /* CategoryCell.swift */,
			);
			path = MainView;
			sourceTree = "<group>";
		};
		145D19C520985A6B00BE71D0 /* Model */ = {
			isa = PBXGroup;
			children = (
				145D19C820985AD800BE71D0 /* HTTP */,
				145D19C620985A8E00BE71D0 /* YouTubeProvider.swift */,
			);
			path = Model;
			sourceTree = "<group>";
		};
		145D19C820985AD800BE71D0 /* HTTP */ = {
			isa = PBXGroup;
			children = (
			);
			path = HTTP;
			sourceTree = "<group>";
		};
		145D19CB20985F3300BE71D0 /* Utitlties */ = {
			isa = PBXGroup;
			children = (
				145D19C02098545900BE71D0 /* Keys.swift */,
				145D19C920985CED00BE71D0 /* Constants.swift */,
			);
			path = Utitlties;
			sourceTree = "<group>";
		};
		14DF3BE820970F0F00215368 = {
			isa = PBXGroup;
			children = (
				14DF3BF320970F0F00215368 /* travelTube */,
				14DF3BF220970F0F00215368 /* Products */,
				CA8EAA4FF1CCE9110433707D /* Pods */,
				AC0C86CE893265A31F4E8057 /* Frameworks */,
			);
			sourceTree = "<group>";
		};
		14DF3BF220970F0F00215368 /* Products */ = {
			isa = PBXGroup;
			children = (
				14DF3BF120970F0F00215368 /* travelTube.app */,
			);
			name = Products;
			sourceTree = "<group>";
		};
		14DF3BF320970F0F00215368 /* travelTube */ = {
			isa = PBXGroup;
			children = (
				145D19C520985A6B00BE71D0 /* Model */,
				145D19C3209859CB00BE71D0 /* View */,
				145D19C2209859A900BE71D0 /* Controller */,
				145D19CB20985F3300BE71D0 /* Utitlties */,
				14DF3BF420970F0F00215368 /* AppDelegate.swift */,
				14DF3BF820970F0F00215368 /* Main.storyboard */,
				14DF3BFB20970F1100215368 /* Assets.xcassets */,
				14DF3BFD20970F1100215368 /* LaunchScreen.storyboard */,
				14DF3C0020970F1100215368 /* Info.plist */,
				145D19B820980C1D00BE71D0 /* GoogleService-Info.plist */,
			);
			path = travelTube;
			sourceTree = "<group>";
		};
		AC0C86CE893265A31F4E8057 /* Frameworks */ = {
			isa = PBXGroup;
			children = (
				127DDB3116503A9523918E26 /* Pods_travelTube.framework */,
			);
			name = Frameworks;
			sourceTree = "<group>";
		};
		CA8EAA4FF1CCE9110433707D /* Pods */ = {
			isa = PBXGroup;
			children = (
				5C1C8311C9806D60C5C07A3C /* Pods-travelTube.debug.xcconfig */,
				E6E07F4F7358EA50904411DC /* Pods-travelTube.release.xcconfig */,
			);
			name = Pods;
			sourceTree = "<group>";
		};
/* End PBXGroup section */

/* Begin PBXNativeTarget section */
		14DF3BF020970F0F00215368 /* travelTube */ = {
			isa = PBXNativeTarget;
			buildConfigurationList = 14DF3C0320970F1100215368 /* Build configuration list for PBXNativeTarget "travelTube" */;
			buildPhases = (
				57D55160433A99C924A63280 /* [CP] Check Pods Manifest.lock */,
				14DF3BED20970F0F00215368 /* Sources */,
				14DF3BEE20970F0F00215368 /* Frameworks */,
				14DF3BEF20970F0F00215368 /* Resources */,
				FFC62F8A753610C0A3E8C118 /* [CP] Embed Pods Frameworks */,
				4CD62F9B2357ACF09D016F7A /* [CP] Copy Pods Resources */,
			);
			buildRules = (
			);
			dependencies = (
			);
			name = travelTube;
			productName = travelTube;
			productReference = 14DF3BF120970F0F00215368 /* travelTube.app */;
			productType = "com.apple.product-type.application";
		};
/* End PBXNativeTarget section */

/* Begin PBXProject section */
		14DF3BE920970F0F00215368 /* Project object */ = {
			isa = PBXProject;
			attributes = {
				LastSwiftUpdateCheck = 0930;
				LastUpgradeCheck = 0930;
				ORGANIZATIONNAME = DavidWu;
				TargetAttributes = {
					14DF3BF020970F0F00215368 = {
						CreatedOnToolsVersion = 9.3;
					};
				};
			};
			buildConfigurationList = 14DF3BEC20970F0F00215368 /* Build configuration list for PBXProject "travelTube" */;
			compatibilityVersion = "Xcode 9.3";
			developmentRegion = en;
			hasScannedForEncodings = 0;
			knownRegions = (
				en,
				Base,
			);
			mainGroup = 14DF3BE820970F0F00215368;
			productRefGroup = 14DF3BF220970F0F00215368 /* Products */;
			projectDirPath = "";
			projectRoot = "";
			targets = (
				14DF3BF020970F0F00215368 /* travelTube */,
			);
		};
/* End PBXProject section */

/* Begin PBXResourcesBuildPhase section */
		14DF3BEF20970F0F00215368 /* Resources */ = {
			isa = PBXResourcesBuildPhase;
			buildActionMask = 2147483647;
			files = (
				14DF3BFF20970F1100215368 /* LaunchScreen.storyboard in Resources */,
				14DF3C0B2097191600215368 /* ArticleCollectionViewCell.xib in Resources */,
				145D19B920980C1D00BE71D0 /* GoogleService-Info.plist in Resources */,
				14DF3BFC20970F1100215368 /* Assets.xcassets in Resources */,
				14DF3BFA20970F0F00215368 /* Main.storyboard in Resources */,
			);
			runOnlyForDeploymentPostprocessing = 0;
		};
/* End PBXResourcesBuildPhase section */

/* Begin PBXShellScriptBuildPhase section */
		4CD62F9B2357ACF09D016F7A /* [CP] Copy Pods Resources */ = {
			isa = PBXShellScriptBuildPhase;
			buildActionMask = 2147483647;
			files = (
			);
			inputPaths = (
				"${SRCROOT}/Pods/Target Support Files/Pods-travelTube/Pods-travelTube-resources.sh",
				"${PODS_ROOT}/GoogleAuthUtilities/Frameworks/frameworks/GoogleAuthUtilities.framework/Resources/GTMOAuth2ViewTouch.xib",
				"${PODS_ROOT}/GoogleSignIn/Resources/GoogleSignIn.bundle",
			);
			name = "[CP] Copy Pods Resources";
			outputPaths = (
				"${TARGET_BUILD_DIR}/${UNLOCALIZED_RESOURCES_FOLDER_PATH}/GTMOAuth2ViewTouch.nib",
				"${TARGET_BUILD_DIR}/${UNLOCALIZED_RESOURCES_FOLDER_PATH}/GoogleSignIn.bundle",
			);
			runOnlyForDeploymentPostprocessing = 0;
			shellPath = /bin/sh;
			shellScript = "\"${SRCROOT}/Pods/Target Support Files/Pods-travelTube/Pods-travelTube-resources.sh\"\n";
			showEnvVarsInLog = 0;
		};
		57D55160433A99C924A63280 /* [CP] Check Pods Manifest.lock */ = {
			isa = PBXShellScriptBuildPhase;
			buildActionMask = 2147483647;
			files = (
			);
			inputPaths = (
				"${PODS_PODFILE_DIR_PATH}/Podfile.lock",
				"${PODS_ROOT}/Manifest.lock",
			);
			name = "[CP] Check Pods Manifest.lock";
			outputPaths = (
				"$(DERIVED_FILE_DIR)/Pods-travelTube-checkManifestLockResult.txt",
			);
			runOnlyForDeploymentPostprocessing = 0;
			shellPath = /bin/sh;
			shellScript = "diff \"${PODS_PODFILE_DIR_PATH}/Podfile.lock\" \"${PODS_ROOT}/Manifest.lock\" > /dev/null\nif [ $? != 0 ] ; then\n    # print error to STDERR\n    echo \"error: The sandbox is not in sync with the Podfile.lock. Run 'pod install' or update your CocoaPods installation.\" >&2\n    exit 1\nfi\n# This output is used by Xcode 'outputs' to avoid re-running this script phase.\necho \"SUCCESS\" > \"${SCRIPT_OUTPUT_FILE_0}\"\n";
			showEnvVarsInLog = 0;
		};
		FFC62F8A753610C0A3E8C118 /* [CP] Embed Pods Frameworks */ = {
			isa = PBXShellScriptBuildPhase;
			buildActionMask = 2147483647;
			files = (
			);
			inputPaths = (
				"${SRCROOT}/Pods/Target Support Files/Pods-travelTube/Pods-travelTube-frameworks.sh",
				"${BUILT_PRODUCTS_DIR}/Alamofire/Alamofire.framework",
				"${BUILT_PRODUCTS_DIR}/GoogleToolboxForMac/GoogleToolboxForMac.framework",
				"${BUILT_PRODUCTS_DIR}/YouTubePlayer/YouTubePlayer.framework",
				"${BUILT_PRODUCTS_DIR}/nanopb/nanopb.framework",
			);
			name = "[CP] Embed Pods Frameworks";
			outputPaths = (
				"${TARGET_BUILD_DIR}/${FRAMEWORKS_FOLDER_PATH}/Alamofire.framework",
				"${TARGET_BUILD_DIR}/${FRAMEWORKS_FOLDER_PATH}/GoogleToolboxForMac.framework",
				"${TARGET_BUILD_DIR}/${FRAMEWORKS_FOLDER_PATH}/YouTubePlayer.framework",
				"${TARGET_BUILD_DIR}/${FRAMEWORKS_FOLDER_PATH}/nanopb.framework",
			);
			runOnlyForDeploymentPostprocessing = 0;
			shellPath = /bin/sh;
			shellScript = "\"${SRCROOT}/Pods/Target Support Files/Pods-travelTube/Pods-travelTube-frameworks.sh\"\n";
			showEnvVarsInLog = 0;
		};
/* End PBXShellScriptBuildPhase section */

/* Begin PBXSourcesBuildPhase section */
		14DF3BED20970F0F00215368 /* Sources */ = {
			isa = PBXSourcesBuildPhase;
			buildActionMask = 2147483647;
			files = (
				145D19C12098545900BE71D0 /* Keys.swift in Sources */,
				145D19C720985A8E00BE71D0 /* YouTubeProvider.swift in Sources */,
				14DF3BF720970F0F00215368 /* MainViewController.swift in Sources */,
				14DF3C0A2097191600215368 /* ArticleCollectionViewCell.swift in Sources */,
				14DF3BF520970F0F00215368 /* AppDelegate.swift in Sources */,
				14DF3C072097166D00215368 /* CategoryCell.swift in Sources */,
				145D19CA20985CED00BE71D0 /* Constants.swift in Sources */,
			);
			runOnlyForDeploymentPostprocessing = 0;
		};
/* End PBXSourcesBuildPhase section */

/* Begin PBXVariantGroup section */
		14DF3BF820970F0F00215368 /* Main.storyboard */ = {
			isa = PBXVariantGroup;
			children = (
				14DF3BF920970F0F00215368 /* Base */,
			);
			name = Main.storyboard;
			sourceTree = "<group>";
		};
		14DF3BFD20970F1100215368 /* LaunchScreen.storyboard */ = {
			isa = PBXVariantGroup;
			children = (
				14DF3BFE20970F1100215368 /* Base */,
			);
			name = LaunchScreen.storyboard;
			sourceTree = "<group>";
		};
/* End PBXVariantGroup section */

/* Begin XCBuildConfiguration section */
		14DF3C0120970F1100215368 /* Debug */ = {
			isa = XCBuildConfiguration;
			buildSettings = {
				ALWAYS_SEARCH_USER_PATHS = NO;
				CLANG_ANALYZER_NONNULL = YES;
				CLANG_ANALYZER_NUMBER_OBJECT_CONVERSION = YES_AGGRESSIVE;
				CLANG_CXX_LANGUAGE_STANDARD = "gnu++14";
				CLANG_CXX_LIBRARY = "libc++";
				CLANG_ENABLE_MODULES = YES;
				CLANG_ENABLE_OBJC_ARC = YES;
				CLANG_ENABLE_OBJC_WEAK = YES;
				CLANG_WARN_BLOCK_CAPTURE_AUTORELEASING = YES;
				CLANG_WARN_BOOL_CONVERSION = YES;
				CLANG_WARN_COMMA = YES;
				CLANG_WARN_CONSTANT_CONVERSION = YES;
				CLANG_WARN_DEPRECATED_OBJC_IMPLEMENTATIONS = YES;
				CLANG_WARN_DIRECT_OBJC_ISA_USAGE = YES_ERROR;
				CLANG_WARN_DOCUMENTATION_COMMENTS = YES;
				CLANG_WARN_EMPTY_BODY = YES;
				CLANG_WARN_ENUM_CONVERSION = YES;
				CLANG_WARN_INFINITE_RECURSION = YES;
				CLANG_WARN_INT_CONVERSION = YES;
				CLANG_WARN_NON_LITERAL_NULL_CONVERSION = YES;
				CLANG_WARN_OBJC_IMPLICIT_RETAIN_SELF = YES;
				CLANG_WARN_OBJC_LITERAL_CONVERSION = YES;
				CLANG_WARN_OBJC_ROOT_CLASS = YES_ERROR;
				CLANG_WARN_RANGE_LOOP_ANALYSIS = YES;
				CLANG_WARN_STRICT_PROTOTYPES = YES;
				CLANG_WARN_SUSPICIOUS_MOVE = YES;
				CLANG_WARN_UNGUARDED_AVAILABILITY = YES_AGGRESSIVE;
				CLANG_WARN_UNREACHABLE_CODE = YES;
				CLANG_WARN__DUPLICATE_METHOD_MATCH = YES;
				CODE_SIGN_IDENTITY = "iPhone Developer";
				COPY_PHASE_STRIP = NO;
				DEBUG_INFORMATION_FORMAT = dwarf;
				ENABLE_STRICT_OBJC_MSGSEND = YES;
				ENABLE_TESTABILITY = YES;
				GCC_C_LANGUAGE_STANDARD = gnu11;
				GCC_DYNAMIC_NO_PIC = NO;
				GCC_NO_COMMON_BLOCKS = YES;
				GCC_OPTIMIZATION_LEVEL = 0;
				GCC_PREPROCESSOR_DEFINITIONS = (
					"DEBUG=1",
					"$(inherited)",
				);
				GCC_WARN_64_TO_32_BIT_CONVERSION = YES;
				GCC_WARN_ABOUT_RETURN_TYPE = YES_ERROR;
				GCC_WARN_UNDECLARED_SELECTOR = YES;
				GCC_WARN_UNINITIALIZED_AUTOS = YES_AGGRESSIVE;
				GCC_WARN_UNUSED_FUNCTION = YES;
				GCC_WARN_UNUSED_VARIABLE = YES;
				IPHONEOS_DEPLOYMENT_TARGET = 11.3;
				MTL_ENABLE_DEBUG_INFO = YES;
				ONLY_ACTIVE_ARCH = YES;
				SDKROOT = iphoneos;
				SWIFT_ACTIVE_COMPILATION_CONDITIONS = DEBUG;
				SWIFT_OPTIMIZATION_LEVEL = "-Onone";
			};
			name = Debug;
		};
		14DF3C0220970F1100215368 /* Release */ = {
			isa = XCBuildConfiguration;
			buildSettings = {
				ALWAYS_SEARCH_USER_PATHS = NO;
				CLANG_ANALYZER_NONNULL = YES;
				CLANG_ANALYZER_NUMBER_OBJECT_CONVERSION = YES_AGGRESSIVE;
				CLANG_CXX_LANGUAGE_STANDARD = "gnu++14";
				CLANG_CXX_LIBRARY = "libc++";
				CLANG_ENABLE_MODULES = YES;
				CLANG_ENABLE_OBJC_ARC = YES;
				CLANG_ENABLE_OBJC_WEAK = YES;
				CLANG_WARN_BLOCK_CAPTURE_AUTORELEASING = YES;
				CLANG_WARN_BOOL_CONVERSION = YES;
				CLANG_WARN_COMMA = YES;
				CLANG_WARN_CONSTANT_CONVERSION = YES;
				CLANG_WARN_DEPRECATED_OBJC_IMPLEMENTATIONS = YES;
				CLANG_WARN_DIRECT_OBJC_ISA_USAGE = YES_ERROR;
				CLANG_WARN_DOCUMENTATION_COMMENTS = YES;
				CLANG_WARN_EMPTY_BODY = YES;
				CLANG_WARN_ENUM_CONVERSION = YES;
				CLANG_WARN_INFINITE_RECURSION = YES;
				CLANG_WARN_INT_CONVERSION = YES;
				CLANG_WARN_NON_LITERAL_NULL_CONVERSION = YES;
				CLANG_WARN_OBJC_IMPLICIT_RETAIN_SELF = YES;
				CLANG_WARN_OBJC_LITERAL_CONVERSION = YES;
				CLANG_WARN_OBJC_ROOT_CLASS = YES_ERROR;
				CLANG_WARN_RANGE_LOOP_ANALYSIS = YES;
				CLANG_WARN_STRICT_PROTOTYPES = YES;
				CLANG_WARN_SUSPICIOUS_MOVE = YES;
				CLANG_WARN_UNGUARDED_AVAILABILITY = YES_AGGRESSIVE;
				CLANG_WARN_UNREACHABLE_CODE = YES;
				CLANG_WARN__DUPLICATE_METHOD_MATCH = YES;
				CODE_SIGN_IDENTITY = "iPhone Developer";
				COPY_PHASE_STRIP = NO;
				DEBUG_INFORMATION_FORMAT = "dwarf-with-dsym";
				ENABLE_NS_ASSERTIONS = NO;
				ENABLE_STRICT_OBJC_MSGSEND = YES;
				GCC_C_LANGUAGE_STANDARD = gnu11;
				GCC_NO_COMMON_BLOCKS = YES;
				GCC_WARN_64_TO_32_BIT_CONVERSION = YES;
				GCC_WARN_ABOUT_RETURN_TYPE = YES_ERROR;
				GCC_WARN_UNDECLARED_SELECTOR = YES;
				GCC_WARN_UNINITIALIZED_AUTOS = YES_AGGRESSIVE;
				GCC_WARN_UNUSED_FUNCTION = YES;
				GCC_WARN_UNUSED_VARIABLE = YES;
				IPHONEOS_DEPLOYMENT_TARGET = 11.3;
				MTL_ENABLE_DEBUG_INFO = NO;
				ONLY_ACTIVE_ARCH = NO;
				SDKROOT = iphoneos;
				SWIFT_COMPILATION_MODE = wholemodule;
				SWIFT_OPTIMIZATION_LEVEL = "-O";
				VALIDATE_PRODUCT = YES;
			};
			name = Release;
		};
		14DF3C0420970F1100215368 /* Debug */ = {
			isa = XCBuildConfiguration;
			baseConfigurationReference = 5C1C8311C9806D60C5C07A3C /* Pods-travelTube.debug.xcconfig */;
			buildSettings = {
				ASSETCATALOG_COMPILER_APPICON_NAME = AppIcon;
				CODE_SIGN_STYLE = Automatic;
				DEVELOPMENT_TEAM = ND2LGZT6B5;
				INFOPLIST_FILE = travelTube/Info.plist;
				LD_RUNPATH_SEARCH_PATHS = (
					"$(inherited)",
					"@executable_path/Frameworks",
				);
				PRODUCT_BUNDLE_IDENTIFIER = com.davidwu.travelTube;
				PRODUCT_NAME = "$(TARGET_NAME)";
				SWIFT_VERSION = 4.0;
				TARGETED_DEVICE_FAMILY = "1,2";
			};
			name = Debug;
		};
		14DF3C0520970F1100215368 /* Release */ = {
			isa = XCBuildConfiguration;
			baseConfigurationReference = E6E07F4F7358EA50904411DC /* Pods-travelTube.release.xcconfig */;
			buildSettings = {
				ASSETCATALOG_COMPILER_APPICON_NAME = AppIcon;
				CODE_SIGN_STYLE = Automatic;
				DEVELOPMENT_TEAM = ND2LGZT6B5;
				INFOPLIST_FILE = travelTube/Info.plist;
				LD_RUNPATH_SEARCH_PATHS = (
					"$(inherited)",
					"@executable_path/Frameworks",
				);
				PRODUCT_BUNDLE_IDENTIFIER = com.davidwu.travelTube;
				PRODUCT_NAME = "$(TARGET_NAME)";
				SWIFT_VERSION = 4.0;
				TARGETED_DEVICE_FAMILY = "1,2";
			};
			name = Release;
		};
/* End XCBuildConfiguration section */

/* Begin XCConfigurationList section */
		14DF3BEC20970F0F00215368 /* Build configuration list for PBXProject "travelTube" */ = {
			isa = XCConfigurationList;
			buildConfigurations = (
				14DF3C0120970F1100215368 /* Debug */,
				14DF3C0220970F1100215368 /* Release */,
			);
			defaultConfigurationIsVisible = 0;
			defaultConfigurationName = Release;
		};
		14DF3C0320970F1100215368 /* Build configuration list for PBXNativeTarget "travelTube" */ = {
			isa = XCConfigurationList;
			buildConfigurations = (
				14DF3C0420970F1100215368 /* Debug */,
				14DF3C0520970F1100215368 /* Release */,
			);
			defaultConfigurationIsVisible = 0;
			defaultConfigurationName = Release;
		};
/* End XCConfigurationList section */
	};
	rootObject = 14DF3BE920970F0F00215368 /* Project object */;
}
